lockfileVersion: '9.0'

settings:
  autoInstallPeers: true
  excludeLinksFromLockfile: false

importers:

  .:
    dependencies:
      typescript:
        specifier: npm:typescript-native-bridge@6.0.3-bridge.15.tsgo.7.0.2
        version: typescript-native-bridge@6.0.3-bridge.15.tsgo.7.0.2
      typescript-js:
        specifier: npm:typescript@6.0.3
        version: typescript@6.0.3

packages:

  '@typescript-native-bridge/darwin-arm64@6.0.3-bridge.15.tsgo.7.0.2':
    resolution: {integrity: sha512-nrhPj8nED29uhZH2V7yHXFPy5O8ro5vRMVnChO1CvMf8tDg9tlhlBPFeeYgvp001upBRZu8JmTYw1wpcRUvDVA==}
    cpu: [arm64]
    os: [darwin]

  '@typescript-native-bridge/darwin-x64@6.0.3-bridge.15.tsgo.7.0.2':
    resolution: {integrity: sha512-JiS2e3W+Vtr8u/oTYeTdCK7S+seB2cBz3l7gQYuon4oTiHS0Mi+YGEYhSG2v2iuRkTMcrVrr9+XazwMcPlIW+Q==}
    cpu: [x64]
    os: [darwin]

  '@typescript-native-bridge/linux-arm64@6.0.3-bridge.15.tsgo.7.0.2':
    resolution: {integrity: sha512-BFkIGbpdRf+iNK0IHCKUYAvAIQ4tnTRegNU+BLaYUbQ5ER/YGytSzKQqh2c2zls1H+Gc0DyZcDsBIFr0gC6BDg==}
    cpu: [arm64]
    os: [linux]

  '@typescript-native-bridge/linux-arm@6.0.3-bridge.15.tsgo.7.0.2':
    resolution: {integrity: sha512-VlvPkt0x7ShuPmI58wSsS7VBa9uq4fQtaz82GC8yK1bFP+FdHcLJleM2SyAvHpxyd8nIyKMzcJolY+qffaBRUg==}
    cpu: [arm]
    os: [linux]

  '@typescript-native-bridge/linux-x64@6.0.3-bridge.15.tsgo.7.0.2':
    resolution: {integrity: sha512-QB6q8kNk5HO/mc3iyJBx1I7mx2+ObNxK/SgeX18gVydcooVdjLYv9lSDjv/FuA9iYzuhYjfrOuRxuhxKoAOcmQ==}
    cpu: [x64]
    os: [linux]

  '@typescript-native-bridge/win32-arm64@6.0.3-bridge.15.tsgo.7.0.2':
    resolution: {integrity: sha512-ZWY1I/6dsInK3S2ue4sKHj3zp3nmqD+9iqq7LfjELNjjYSUvseYfqv3170zeqZV2PQRzjA3Qtd85pkYr0SQDEQ==}
    cpu: [arm64]
    os: [win32]

  '@typescript-native-bridge/win32-x64@6.0.3-bridge.15.tsgo.7.0.2':
    resolution: {integrity: sha512-LqaVPjvllVQm/OfID0z9ubDPEuO6asNOH/qrV1xTGFxgHRRn8UUz3/te4zaERalVRgwNWYlSbzSQb+jttLjvMA==}
    cpu: [x64]
    os: [win32]

  typescript-native-bridge@6.0.3-bridge.15.tsgo.7.0.2:
    resolution: {integrity: sha512-utlvj8zRana8mutK9LgoPLtMcMT/j/0ot5eh/YUJgDSVQUGLIC6m6Dwt1SP820HMJZI3Yg8fXnqFrkDaa2Gk4g==}
    engines: {node: '>=20.19'}
    hasBin: true

  typescript@6.0.3:
    resolution: {integrity: sha512-y2TvuxSZPDyQakkFRPZHKFm+KKVqIisdg9/CZwm9ftvKXLP8NRWj38/ODjNbr43SsoXqNuAisEf1GdCxqWcdBw==}
    engines: {node: '>=14.17'}
    hasBin: true

snapshots:

  '@typescript-native-bridge/darwin-arm64@6.0.3-bridge.15.tsgo.7.0.2':
    optional: true

  '@typescript-native-bridge/darwin-x64@6.0.3-bridge.15.tsgo.7.0.2':
    optional: true

  '@typescript-native-bridge/linux-arm64@6.0.3-bridge.15.tsgo.7.0.2':
    optional: true

  '@typescript-native-bridge/linux-arm@6.0.3-bridge.15.tsgo.7.0.2':
    optional: true

  '@typescript-native-bridge/linux-x64@6.0.3-bridge.15.tsgo.7.0.2':
    optional: true

  '@typescript-native-bridge/win32-arm64@6.0.3-bridge.15.tsgo.7.0.2':
    optional: true

  '@typescript-native-bridge/win32-x64@6.0.3-bridge.15.tsgo.7.0.2':
    optional: true

  typescript-native-bridge@6.0.3-bridge.15.tsgo.7.0.2:
    optionalDependencies:
      '@typescript-native-bridge/darwin-arm64': 6.0.3-bridge.15.tsgo.7.0.2
      '@typescript-native-bridge/darwin-x64': 6.0.3-bridge.15.tsgo.7.0.2
      '@typescript-native-bridge/linux-arm': 6.0.3-bridge.15.tsgo.7.0.2
      '@typescript-native-bridge/linux-arm64': 6.0.3-bridge.15.tsgo.7.0.2
      '@typescript-native-bridge/linux-x64': 6.0.3-bridge.15.tsgo.7.0.2
      '@typescript-native-bridge/win32-arm64': 6.0.3-bridge.15.tsgo.7.0.2
      '@typescript-native-bridge/win32-x64': 6.0.3-bridge.15.tsgo.7.0.2

  typescript@6.0.3: {}
